
Microsoft Visual Studio Solution File, Format Version 12.00
# Visual Studio 2013
VisualStudioVersion = 12.0.31101.0
MinimumVisualStudioVersion = 10.0.40219.1
Project("{FAE04EC0-301F-11D3-BF4B-00C04F79EFBC}") = "Service", "Service\Service.csproj", "{046998BD-A7C1-4515-B5D0-3B6C274900D7}"
EndProject
Project("{FAE04EC0-301F-11D3-BF4B-00C04F79EFBC}") = "Client", "Client\Client.csproj", "{26CAE843-E3BB-43BC-A19C-EBC11F5E3EB8}"
EndProject
Project("{FAE04EC0-301F-11D3-BF4B-00C04F79EFBC}") = "ServiceWithServiceBusRelay", "ServiceWithServiceBusRelay\ServiceWithServiceBusRelay.csproj", "{519169F4-CA33-44BF-81E9-1C087A228A04}"
EndProject
Global
	GlobalSection(SolutionConfigurationPlatforms) = preSolution
		Debug|Any CPU = Debug|Any CPU
		Release|Any CPU = Release|Any CPU
	EndGlobalSection
	GlobalSection(ProjectConfigurationPlatforms) = postSolution
		{046998BD-A7C1-4515-B5D0-3B6C274900D7}.Debug|Any CPU.ActiveCfg = Debug|Any CPU
		{046998BD-A7C1-4515-B5D0-3B6C274900D7}.Debug|Any CPU.Build.0 = Debug|Any CPU
		{046998BD-A7C1-4515-B5D0-3B6C274900D7}.Release|Any CPU.ActiveCfg = Release|Any CPU
		{046998BD-A7C1-4515-B5D0-3B6C274900D7}.Release|Any CPU.Build.0 = Release|Any CPU
		{26CAE843-E3BB-43BC-A19C-EBC11F5E3EB8}.Debug|Any CPU.ActiveCfg = Debug|Any CPU
		{26CAE843-E3BB-43BC-A19C-EBC11F5E3EB8}.Debug|Any CPU.Build.0 = Debug|Any CPU
		{26CAE843-E3BB-43BC-A19C-EBC11F5E3EB8}.Release|Any CPU.ActiveCfg = Release|Any CPU
		{26CAE843-E3BB-43BC-A19C-EBC11F5E3EB8}.Release|Any CPU.Build.0 = Release|Any CPU
		{519169F4-CA33-44BF-81E9-1C087A228A04}.Debug|Any CPU.ActiveCfg = Debug|Any CPU
		{519169F4-CA33-44BF-81E9-1C087A228A04}.Debug|Any CPU.Build.0 = Debug|Any CPU
		{519169F4-CA33-44BF-81E9-1C087A228A04}.Release|Any CPU.ActiveCfg = Release|Any CPU
		{519169F4-CA33-44BF-81E9-1C087A228A04}.Release|Any CPU.Build.0 = Release|Any CPU
	EndGlobalSection
	GlobalSection(SolutionProperties) = preSolution
		HideSolutionNode = FALSE
	EndGlobalSection
EndGlobal
